
Microsoft Visual Studio Solution File, Format Version 12.00
# Visual Studio Version 17
VisualStudioVersion = 17.1.32328.378
MinimumVisualStudioVersion = 10.0.40219.1
Project("{FAE04EC0-301F-11D3-BF4B-00C04F79EFBC}") = "MalcTheCalc.Android", "MalcTheCalc\MalcTheCalc.Android\MalcTheCalc.Android.csproj", "{C00720A8-B37E-4D7A-B516-C73E403CC77A}"
EndProject
Project("{FAE04EC0-301F-11D3-BF4B-00C04F79EFBC}") = "MalcTheCalc", "MalcTheCalc\MalcTheCalc\MalcTheCalc.csproj", "{32B89F3A-86D0-4A7D-855A-A567D4861065}"
EndProject
Global
	GlobalSection(SolutionConfigurationPlatforms) = preSolution
		Debug|Any CPU = Debug|Any CPU
		Release|Any CPU = Release|Any CPU
	EndGlobalSection
	GlobalSection(ProjectConfigurationPlatforms) = postSolution
		{C00720A8-B37E-4D7A-B516-C73E403CC77A}.Debug|Any CPU.ActiveCfg = Debug|Any CPU
		{C00720A8-B37E-4D7A-B516-C73E403CC77A}.Debug|Any CPU.Build.0 = Debug|Any CPU
		{C00720A8-B37E-4D7A-B516-C73E403CC77A}.Debug|Any CPU.Deploy.0 = Debug|Any CPU
		{C00720A8-B37E-4D7A-B516-C73E403CC77A}.Release|Any CPU.ActiveCfg = Release|Any CPU
		{C00720A8-B37E-4D7A-B516-C73E403CC77A}.Release|Any CPU.Build.0 = Release|Any CPU
		{C00720A8-B37E-4D7A-B516-C73E403CC77A}.Release|Any CPU.Deploy.0 = Release|Any CPU
		{32B89F3A-86D0-4A7D-855A-A567D4861065}.Debug|Any CPU.ActiveCfg = Debug|Any CPU
		{32B89F3A-86D0-4A7D-855A-A567D4861065}.Debug|Any CPU.Build.0 = Debug|Any CPU
		{32B89F3A-86D0-4A7D-855A-A567D4861065}.Debug|Any CPU.Deploy.0 = Debug|Any CPU
		{32B89F3A-86D0-4A7D-855A-A567D4861065}.Release|Any CPU.ActiveCfg = Release|Any CPU
		{32B89F3A-86D0-4A7D-855A-A567D4861065}.Release|Any CPU.Build.0 = Release|Any CPU
		{32B89F3A-86D0-4A7D-855A-A567D4861065}.Release|Any CPU.Deploy.0 = Release|Any CPU
	EndGlobalSection
	GlobalSection(SolutionProperties) = preSolution
		HideSolutionNode = FALSE
	EndGlobalSection
	GlobalSection(ExtensibilityGlobals) = postSolution
		SolutionGuid = {BFB723FC-26B3-4166-8517-35DE6F5780BF}
	EndGlobalSection
EndGlobal
